
Microsoft Visual Studio Solution File, Format Version 12.00
# Visual Studio Version 16
VisualStudioVersion = 16.0.30104.148
MinimumVisualStudioVersion = 10.0.40219.1
Project("{FAE04EC0-301F-11D3-BF4B-00C04F79EFBC}") = "FiddlerAutoResponder", "FiddlerAutoResponder.csproj", "{6F9CA668-D314-4121-BA00-A777AFE5EF2E}"
EndProject
Global
	GlobalSection(SolutionConfigurationPlatforms) = preSolution
		Debug|Any CPU = Debug|Any CPU
		Release|Any CPU = Release|Any CPU
	EndGlobalSection
	GlobalSection(ProjectConfigurationPlatforms) = postSolution
		{6F9CA668-D314-4121-BA00-A777AFE5EF2E}.Debug|Any CPU.ActiveCfg = Debug|Any CPU
		{6F9CA668-D314-4121-BA00-A777AFE5EF2E}.Debug|Any CPU.Build.0 = Debug|Any CPU
		{6F9CA668-D314-4121-BA00-A777AFE5EF2E}.Release|Any CPU.ActiveCfg = Release|Any CPU
		{6F9CA668-D314-4121-BA00-A777AFE5EF2E}.Release|Any CPU.Build.0 = Release|Any CPU
	EndGlobalSection
	GlobalSection(SolutionProperties) = preSolution
		HideSolutionNode = FALSE
	EndGlobalSection
	GlobalSection(ExtensibilityGlobals) = postSolution
		SolutionGuid = {1D474816-56BC-47B1-B65D-DAF84061C4B3}
	EndGlobalSection
EndGlobal
